// !$*UTF8*$!
{
	archiveVersion = 1;
	classes = {
	};
	objectVersion = 46;
	objects = {

/* Begin PBXBuildFile section */
		3F23D43E1E35C8CA00A8FA78 /* AppDelegate.swift in Sources */ = {isa = PBXBuildFile; fileRef = 3F23D43D1E35C8CA00A8FA78 /* AppDelegate.swift */; };
		3F23D4401E35C8CA00A8FA78 /* ViewController.swift in Sources */ = {isa = PBXBuildFile; fileRef = 3F23D43F1E35C8CA00A8FA78 /* ViewController.swift */; };
		3F23D4431E35C8CA00A8FA78 /* Main.storyboard in Resources */ = {isa = PBXBuildFile; fileRef = 3F23D4411E35C8CA00A8FA78 /* Main.storyboard */; };
		3F23D4461E35C8CA00A8FA78 /* CoreDataTutorialFinal2.xcdatamodeld in Sources */ = {isa = PBXBuildFile; fileRef = 3F23D4441E35C8CA00A8FA78 /* CoreDataTutorialFinal2.xcdatamodeld */; };
		3F23D4481E35C8CA00A8FA78 /* Assets.xcassets in Resources */ = {isa = PBXBuildFile; fileRef = 3F23D4471E35C8CA00A8FA78 /* Assets.xcassets */; };
		3F23D44B1E35C8CA00A8FA78 /* LaunchScreen.storyboard in Resources */ = {isa = PBXBuildFile; fileRef = 3F23D4491E35C8CA00A8FA78 /* LaunchScreen.storyboard */; };
		3F23D4561E35C8CA00A8FA78 /* CoreDataTutorialFinal2Tests.swift in Sources */ = {isa = PBXBuildFile; fileRef = 3F23D4551E35C8CA00A8FA78 /* CoreDataTutorialFinal2Tests.swift */; };
		3F23D4611E35C8CA00A8FA78 /* CoreDataTutorialFinal2UITests.swift in Sources */ = {isa = PBXBuildFile; fileRef = 3F23D4601E35C8CA00A8FA78 /* CoreDataTutorialFinal2UITests.swift */; };
/* End PBXBuildFile section */

/* Begin PBXContainerItemProxy section */
		3F23D4521E35C8CA00A8FA78 /* PBXContainerItemProxy */ = {
			isa = PBXContainerItemProxy;
			containerPortal = 3F23D4321E35C8CA00A8FA78 /* Project object */;
			proxyType = 1;
			remoteGlobalIDString = 3F23D4391E35C8CA00A8FA78;
			remoteInfo = CoreDataTutorialFinal2;
		};
		3F23D45D1E35C8CA00A8FA78 /* PBXContainerItemProxy */ = {
			isa = PBXContainerItemProxy;
			containerPortal = 3F23D4321E35C8CA00A8FA78 /* Project object */;
			proxyType = 1;
			remoteGlobalIDString = 3F23D4391E35C8CA00A8FA78;
			remoteInfo = CoreDataTutorialFinal2;
		};
/* End PBXContainerItemProxy section */

/* Begin PBXFileReference section */
		3F23D43A1E35C8CA00A8FA78 /* CoreDataTutorialFinal2.app */ = {isa = PBXFileReference; explicitFileType = wrapper.application; includeInIndex = 0; path = CoreDataTutorialFinal2.app; sourceTree = BUILT_PRODUCTS_DIR; };
		3F23D43D1E35C8CA00A8FA78 /* AppDelegate.swift */ = {isa = PBXFileReference; lastKnownFileType = sourcecode.swift; path = AppDelegate.swift; sourceTree = "<group>"; };
		3F23D43F1E35C8CA00A8FA78 /* ViewController.swift */ = {isa = PBXFileReference; lastKnownFileType = sourcecode.swift; path = ViewController.swift; sourceTree = "<group>"; };
		3F23D4421E35C8CA00A8FA78 /* Base */ = {isa = PBXFileReference; lastKnownFileType = file.storyboard; name = Base; path = Base.lproj/Main.storyboard; sourceTree = "<group>"; };
		3F23D4451E35C8CA00A8FA78 /* CoreDataTutorialFinal2.xcdatamodel */ = {isa = PBXFileReference; lastKnownFileType = wrapper.xcdatamodel; path = CoreDataTutorialFinal2.xcdatamodel; sourceTree = "<group>"; };
		3F23D4471E35C8CA00A8FA78 /* Assets.xcassets */ = {isa = PBXFileReference; lastKnownFileType = folder.assetcatalog; path = Assets.xcassets; sourceTree = "<group>"; };
		3F23D44A1E35C8CA00A8FA78 /* Base */ = {isa = PBXFileReference; lastKnownFileType = file.storyboard; name = Base; path = Base.lproj/LaunchScreen.storyboard; sourceTree = "<group>"; };
		3F23D44C1E35C8CA00A8FA78 /* Info.plist */ = {isa = PBXFileReference; lastKnownFileType = text.plist.xml; path = Info.plist; sourceTree = "<group>"; };
		3F23D4511E35C8CA00A8FA78 /* CoreDataTutorialFinal2Tests.xctest */ = {isa = PBXFileReference; explicitFileType = wrapper.cfbundle; includeInIndex = 0; path = CoreDataTutorialFinal2Tests.xctest; sourceTree = BUILT_PRODUCTS_DIR; };
		3F23D4551E35C8CA00A8FA78 /* CoreDataTutorialFinal2Tests.swift */ = {isa = PBXFileReference; lastKnownFileType = sourcecode.swift; path = CoreDataTutorialFinal2Tests.swift; sourceTree = "<group>"; };
		3F23D4571E35C8CA00A8FA78 /* Info.plist */ = {isa = PBXFileReference; lastKnownFileType = text.plist.xml; path = Info.plist; sourceTree = "<group>"; };
		3F23D45C1E35C8CA00A8FA78 /* CoreDataTutorialFinal2UITests.xctest */ = {isa = PBXFileReference; explicitFileType = wrapper.cfbundle; includeInIndex = 0; path = CoreDataTutorialFinal2UITests.xctest; sourceTree = BUILT_PRODUCTS_DIR; };
		3F23D4601E35C8CA00A8FA78 /* CoreDataTutorialFinal2UITests.swift */ = {isa = PBXFileReference; lastKnownFileType = sourcecode.swift; path = CoreDataTutorialFinal2UITests.swift; sourceTree = "<group>"; };
		3F23D4621E35C8CA00A8FA78 /* Info.plist */ = {isa = PBXFileReference; lastKnownFileType = text.plist.xml; path = Info.plist; sourceTree = "<group>"; };
/* End PBXFileReference section */

/* Begin PBXFrameworksBuildPhase section */
		3F23D4371E35C8CA00A8FA78 /* Frameworks */ = {
			isa = PBXFrameworksBuildPhase;
			buildActionMask = 2147483647;
			files = (
			);
			runOnlyForDeploymentPostprocessing = 0;
		};
		3F23D44E1E35C8CA00A8FA78 /* Frameworks */ = {
			isa = PBXFrameworksBuildPhase;
			buildActionMask = 2147483647;
			files = (
			);
			runOnlyForDeploymentPostprocessing = 0;
		};
		3F23D4591E35C8CA00A8FA78 /* Frameworks */ = {
			isa = PBXFrameworksBuildPhase;
			buildActionMask = 2147483647;
			files = (
			);
			runOnlyForDeploymentPostprocessing = 0;
		};
/* End PBXFrameworksBuildPhase section */

/* Begin PBXGroup section */
		3F23D4311E35C8CA00A8FA78 = {
			isa = PBXGroup;
			children = (
				3F23D43C1E35C8CA00A8FA78 /* CoreDataTutorialFinal2 */,
				3F23D4541E35C8CA00A8FA78 /* CoreDataTutorialFinal2Tests */,
				3F23D45F1E35C8CA00A8FA78 /* CoreDataTutorialFinal2UITests */,
				3F23D43B1E35C8CA00A8FA78 /* Products */,
			);
			sourceTree = "<group>";
		};
		3F23D43B1E35C8CA00A8FA78 /* Products */ = {
			isa = PBXGroup;
			children = (
				3F23D43A1E35C8CA00A8FA78 /* CoreDataTutorialFinal2.app */,
				3F23D4511E35C8CA00A8FA78 /* CoreDataTutorialFinal2Tests.xctest */,
				3F23D45C1E35C8CA00A8FA78 /* CoreDataTutorialFinal2UITests.xctest */,
			);
			name = Products;
			sourceTree = "<group>";
		};
		3F23D43C1E35C8CA00A8FA78 /* CoreDataTutorialFinal2 */ = {
			isa = PBXGroup;
			children = (
				3F23D43D1E35C8CA00A8FA78 /* AppDelegate.swift */,
				3F23D43F1E35C8CA00A8FA78 /* ViewController.swift */,
				3F23D4411E35C8CA00A8FA78 /* Main.storyboard */,
				3F23D4471E35C8CA00A8FA78 /* Assets.xcassets */,
				3F23D4491E35C8CA00A8FA78 /* LaunchScreen.storyboard */,
				3F23D44C1E35C8CA00A8FA78 /* Info.plist */,
				3F23D4441E35C8CA00A8FA78 /* CoreDataTutorialFinal2.xcdatamodeld */,
			);
			path = CoreDataTutorialFinal2;
			sourceTree = "<group>";
		};
		3F23D4541E35C8CA00A8FA78 /* CoreDataTutorialFinal2Tests */ = {
			isa = PBXGroup;
			children = (
				3F23D4551E35C8CA00A8FA78 /* CoreDataTutorialFinal2Tests.swift */,
				3F23D4571E35C8CA00A8FA78 /* Info.plist */,
			);
			path = CoreDataTutorialFinal2Tests;
			sourceTree = "<group>";
		};
		3F23D45F1E35C8CA00A8FA78 /* CoreDataTutorialFinal2UITests */ = {
			isa = PBXGroup;
			children = (
				3F23D4601E35C8CA00A8FA78 /* CoreDataTutorialFinal2UITests.swift */,
				3F23D4621E35C8CA00A8FA78 /* Info.plist */,
			);
			path = CoreDataTutorialFinal2UITests;
			sourceTree = "<group>";
		};
/* End PBXGroup section */

/* Begin PBXNativeTarget section */
		3F23D4391E35C8CA00A8FA78 /* CoreDataTutorialFinal2 */ = {
			isa = PBXNativeTarget;
			buildConfigurationList = 3F23D4651E35C8CA00A8FA78 /* Build configuration list for PBXNativeTarget "CoreDataTutorialFinal2" */;
			buildPhases = (
				3F23D4361E35C8CA00A8FA78 /* Sources */,
				3F23D4371E35C8CA00A8FA78 /* Frameworks */,
				3F23D4381E35C8CA00A8FA78 /* Resources */,
			);
			buildRules = (
			);
			dependencies = (
			);
			name = CoreDataTutorialFinal2;
			productName = CoreDataTutorialFinal2;
			productReference = 3F23D43A1E35C8CA00A8FA78 /* CoreDataTutorialFinal2.app */;
			productType = "com.apple.product-type.application";
		};
		3F23D4501E35C8CA00A8FA78 /* CoreDataTutorialFinal2Tests */ = {
			isa = PBXNativeTarget;
			buildConfigurationList = 3F23D4681E35C8CA00A8FA78 /* Build configuration list for PBXNativeTarget "CoreDataTutorialFinal2Tests" */;
			buildPhases = (
				3F23D44D1E35C8CA00A8FA78 /* Sources */,
				3F23D44E1E35C8CA00A8FA78 /* Frameworks */,
				3F23D44F1E35C8CA00A8FA78 /* Resources */,
			);
			buildRules = (
			);
			dependencies = (
				3F23D4531E35C8CA00A8FA78 /* PBXTargetDependency */,
			);
			name = CoreDataTutorialFinal2Tests;
			productName = CoreDataTutorialFinal2Tests;
			productReference = 3F23D4511E35C8CA00A8FA78 /* CoreDataTutorialFinal2Tests.xctest */;
			productType = "com.apple.product-type.bundle.unit-test";
		};
		3F23D45B1E35C8CA00A8FA78 /* CoreDataTutorialFinal2UITests */ = {
			isa = PBXNativeTarget;
			buildConfigurationList = 3F23D46B1E35C8CA00A8FA78 /* Build configuration list for PBXNativeTarget "CoreDataTutorialFinal2UITests" */;
			buildPhases = (
				3F23D4581E35C8CA00A8FA78 /* Sources */,
				3F23D4591E35C8CA00A8FA78 /* Frameworks */,
				3F23D45A1E35C8CA00A8FA78 /* Resources */,
			);
			buildRules = (
			);
			dependencies = (
				3F23D45E1E35C8CA00A8FA78 /* PBXTargetDependency */,
			);
			name = CoreDataTutorialFinal2UITests;
			productName = CoreDataTutorialFinal2UITests;
			productReference = 3F23D45C1E35C8CA00A8FA78 /* CoreDataTutorialFinal2UITests.xctest */;
			productType = "com.apple.product-type.bundle.ui-testing";
		};
/* End PBXNativeTarget section */

/* Begin PBXProject section */
		3F23D4321E35C8CA00A8FA78 /* Project object */ = {
			isa = PBXProject;
			attributes = {
				LastSwiftUpdateCheck = 0810;
				LastUpgradeCheck = 0810;
				ORGANIZATIONNAME = GBernero;
				TargetAttributes = {
					3F23D4391E35C8CA00A8FA78 = {
						CreatedOnToolsVersion = 8.1;
						ProvisioningStyle = Automatic;
					};
					3F23D4501E35C8CA00A8FA78 = {
						CreatedOnToolsVersion = 8.1;
						ProvisioningStyle = Automatic;
						TestTargetID = 3F23D4391E35C8CA00A8FA78;
					};
					3F23D45B1E35C8CA00A8FA78 = {
						CreatedOnToolsVersion = 8.1;
						ProvisioningStyle = Automatic;
						TestTargetID = 3F23D4391E35C8CA00A8FA78;
					};
				};
			};
			buildConfigurationList = 3F23D4351E35C8CA00A8FA78 /* Build configuration list for PBXProject "CoreDataTutorialFinal2" */;
			compatibilityVersion = "Xcode 3.2";
			developmentRegion = English;
			hasScannedForEncodings = 0;
			knownRegions = (
				en,
				Base,
			);
			mainGroup = 3F23D4311E35C8CA00A8FA78;
			productRefGroup = 3F23D43B1E35C8CA00A8FA78 /* Products */;
			projectDirPath = "";
			projectRoot = "";
			targets = (
				3F23D4391E35C8CA00A8FA78 /* CoreDataTutorialFinal2 */,
				3F23D4501E35C8CA00A8FA78 /* CoreDataTutorialFinal2Tests */,
				3F23D45B1E35C8CA00A8FA78 /* CoreDataTutorialFinal2UITests */,
			);
		};
/* End PBXProject section */

/* Begin PBXResourcesBuildPhase section */
		3F23D4381E35C8CA00A8FA78 /* Resources */ = {
			isa = PBXResourcesBuildPhase;
			buildActionMask = 2147483647;
			files = (
				3F23D44B1E35C8CA00A8FA78 /* LaunchScreen.storyboard in Resources */,
				3F23D4481E35C8CA00A8FA78 /* Assets.xcassets in Resources */,
				3F23D4431E35C8CA00A8FA78 /* Main.storyboard in Resources */,
			);
			runOnlyForDeploymentPostprocessing = 0;
		};
		3F23D44F1E35C8CA00A8FA78 /* Resources */ = {
			isa = PBXResourcesBuildPhase;
			buildActionMask = 2147483647;
			files = (
			);
			runOnlyForDeploymentPostprocessing = 0;
		};
		3F23D45A1E35C8CA00A8FA78 /* Resources */ = {
			isa = PBXResourcesBuildPhase;
			buildActionMask = 2147483647;
			files = (
			);
			runOnlyForDeploymentPostprocessing = 0;
		};
/* End PBXResourcesBuildPhase section */

/* Begin PBXSourcesBuildPhase section */
		3F23D4361E35C8CA00A8FA78 /* Sources */ = {
			isa = PBXSourcesBuildPhase;
			buildActionMask = 2147483647;
			files = (
				3F23D4401E35C8CA00A8FA78 /* ViewController.swift in Sources */,
				3F23D43E1E35C8CA00A8FA78 /* AppDelegate.swift in Sources */,
				3F23D4461E35C8CA00A8FA78 /* CoreDataTutorialFinal2.xcdatamodeld in Sources */,
			);
			runOnlyForDeploymentPostprocessing = 0;
		};
		3F23D44D1E35C8CA00A8FA78 /* Sources */ = {
			isa = PBXSourcesBuildPhase;
			buildActionMask = 2147483647;
			files = (
				3F23D4561E35C8CA00A8FA78 /* CoreDataTutorialFinal2Tests.swift in Sources */,
			);
			runOnlyForDeploymentPostprocessing = 0;
		};
		3F23D4581E35C8CA00A8FA78 /* Sources */ = {
			isa = PBXSourcesBuildPhase;
			buildActionMask = 2147483647;
			files = (
				3F23D4611E35C8CA00A8FA78 /* CoreDataTutorialFinal2UITests.swift in Sources */,
			);
			runOnlyForDeploymentPostprocessing = 0;
		};
/* End PBXSourcesBuildPhase section */

/* Begin PBXTargetDependency section */
		3F23D4531E35C8CA00A8FA78 /* PBXTargetDependency */ = {
			isa = PBXTargetDependency;
			target = 3F23D4391E35C8CA00A8FA78 /* CoreDataTutorialFinal2 */;
			targetProxy = 3F23D4521E35C8CA00A8FA78 /* PBXContainerItemProxy */;
		};
		3F23D45E1E35C8CA00A8FA78 /* PBXTargetDependency */ = {
			isa = PBXTargetDependency;
			target = 3F23D4391E35C8CA00A8FA78 /* CoreDataTutorialFinal2 */;
			targetProxy = 3F23D45D1E35C8CA00A8FA78 /* PBXContainerItemProxy */;
		};
/* End PBXTargetDependency section */

/* Begin PBXVariantGroup section */
		3F23D4411E35C8CA00A8FA78 /* Main.storyboard */ = {
			isa = PBXVariantGroup;
			children = (
				3F23D4421E35C8CA00A8FA78 /* Base */,
			);
			name = Main.storyboard;
			sourceTree = "<group>";
		};
		3F23D4491E35C8CA00A8FA78 /* LaunchScreen.storyboard */ = {
			isa = PBXVariantGroup;
			children = (
				3F23D44A1E35C8CA00A8FA78 /* Base */,
			);
			name = LaunchScreen.storyboard;
			sourceTree = "<group>";
		};
/* End PBXVariantGroup section */

/* Begin XCBuildConfiguration section */
		3F23D4631E35C8CA00A8FA78 /* Debug */ = {
			isa = XCBuildConfiguration;
			buildSettings = {
				ALWAYS_SEARCH_USER_PATHS = NO;
				CLANG_ANALYZER_NONNULL = YES;
				CLANG_CXX_LANGUAGE_STANDARD = "gnu++0x";
				CLANG_CXX_LIBRARY = "libc++";
				CLANG_ENABLE_MODULES = YES;
				CLANG_ENABLE_OBJC_ARC = YES;
				CLANG_WARN_BOOL_CONVERSION = YES;
				CLANG_WARN_CONSTANT_CONVERSION = YES;
				CLANG_WARN_DIRECT_OBJC_ISA_USAGE = YES_ERROR;
				CLANG_WARN_DOCUMENTATION_COMMENTS = YES;
				CLANG_WARN_EMPTY_BODY = YES;
				CLANG_WARN_ENUM_CONVERSION = YES;
				CLANG_WARN_INFINITE_RECURSION = YES;
				CLANG_WARN_INT_CONVERSION = YES;
				CLANG_WARN_OBJC_ROOT_CLASS = YES_ERROR;
				CLANG_WARN_SUSPICIOUS_MOVES = YES;
				CLANG_WARN_UNREACHABLE_CODE = YES;
				CLANG_WARN__DUPLICATE_METHOD_MATCH = YES;
				"CODE_SIGN_IDENTITY[sdk=iphoneos*]" = "iPhone Developer";
				COPY_PHASE_STRIP = NO;
				DEBUG_INFORMATION_FORMAT = dwarf;
				ENABLE_STRICT_OBJC_MSGSEND = YES;
				ENABLE_TESTABILITY = YES;
				GCC_C_LANGUAGE_STANDARD = gnu99;
				GCC_DYNAMIC_NO_PIC = NO;
				GCC_NO_COMMON_BLOCKS = YES;
				GCC_OPTIMIZATION_LEVEL = 0;
				GCC_PREPROCESSOR_DEFINITIONS = (
					"DEBUG=1",
					"$(inherited)",
				);
				GCC_WARN_64_TO_32_BIT_CONVERSION = YES;
				GCC_WARN_ABOUT_RETURN_TYPE = YES_ERROR;
				GCC_WARN_UNDECLARED_SELECTOR = YES;
				GCC_WARN_UNINITIALIZED_AUTOS = YES_AGGRESSIVE;
				GCC_WARN_UNUSED_FUNCTION = YES;
				GCC_WARN_UNUSED_VARIABLE = YES;
				IPHONEOS_DEPLOYMENT_TARGET = 10.1;
				MTL_ENABLE_DEBUG_INFO = YES;
				ONLY_ACTIVE_ARCH = YES;
				SDKROOT = iphoneos;
				SWIFT_ACTIVE_COMPILATION_CONDITIONS = DEBUG;
				SWIFT_OPTIMIZATION_LEVEL = "-Onone";
				TARGETED_DEVICE_FAMILY = "1,2";
			};
			name = Debug;
		};
		3F23D4641E35C8CA00A8FA78 /* Release */ = {
			isa = XCBuildConfiguration;
			buildSettings = {
				ALWAYS_SEARCH_USER_PATHS = NO;
				CLANG_ANALYZER_NONNULL = YES;
				CLANG_CXX_LANGUAGE_STANDARD = "gnu++0x";
				CLANG_CXX_LIBRARY = "libc++";
				CLANG_ENABLE_MODULES = YES;
				CLANG_ENABLE_OBJC_ARC = YES;
				CLANG_WARN_BOOL_CONVERSION = YES;
				CLANG_WARN_CONSTANT_CONVERSION = YES;
				CLANG_WARN_DIRECT_OBJC_ISA_USAGE = YES_ERROR;
				CLANG_WARN_DOCUMENTATION_COMMENTS = YES;
				CLANG_WARN_EMPTY_BODY = YES;
				CLANG_WARN_ENUM_CONVERSION = YES;
				CLANG_WARN_INFINITE_RECURSION = YES;
				CLANG_WARN_INT_CONVERSION = YES;
				CLANG_WARN_OBJC_ROOT_CLASS = YES_ERROR;
				CLANG_WARN_SUSPICIOUS_MOVES = YES;
				CLANG_WARN_UNREACHABLE_CODE = YES;
				CLANG_WARN__DUPLICATE_METHOD_MATCH = YES;
				"CODE_SIGN_IDENTITY[sdk=iphoneos*]" = "iPhone Developer";
				COPY_PHASE_STRIP = NO;
				DEBUG_INFORMATION_FORMAT = "dwarf-with-dsym";
				ENABLE_NS_ASSERTIONS = NO;
				ENABLE_STRICT_OBJC_MSGSEND = YES;
				GCC_C_LANGUAGE_STANDARD = gnu99;
				GCC_NO_COMMON_BLOCKS = YES;
				GCC_WARN_64_TO_32_BIT_CONVERSION = YES;
				GCC_WARN_ABOUT_RETURN_TYPE = YES_ERROR;
				GCC_WARN_UNDECLARED_SELECTOR = YES;
				GCC_WARN_UNINITIALIZED_AUTOS = YES_AGGRESSIVE;
				GCC_WARN_UNUSED_FUNCTION = YES;
				GCC_WARN_UNUSED_VARIABLE = YES;
				IPHONEOS_DEPLOYMENT_TARGET = 10.1;
				MTL_ENABLE_DEBUG_INFO = NO;
				SDKROOT = iphoneos;
				SWIFT_OPTIMIZATION_LEVEL = "-Owholemodule";
				TARGETED_DEVICE_FAMILY = "1,2";
				VALIDATE_PRODUCT = YES;
			};
			name = Release;
		};
		3F23D4661E35C8CA00A8FA78 /* Debug */ = {
			isa = XCBuildConfiguration;
			buildSettings = {
				ASSETCATALOG_COMPILER_APPICON_NAME = AppIcon;
				INFOPLIST_FILE = CoreDataTutorialFinal2/Info.plist;
				LD_RUNPATH_SEARCH_PATHS = "$(inherited) @executable_path/Frameworks";
				PRODUCT_BUNDLE_IDENTIFIER = BHS.CoreDataTutorialFinal2;
				PRODUCT_NAME = "$(TARGET_NAME)";
				SWIFT_VERSION = 3.0;
			};
			name = Debug;
		};
		3F23D4671E35C8CA00A8FA78 /* Release */ = {
			isa = XCBuildConfiguration;
			buildSettings = {
				ASSETCATALOG_COMPILER_APPICON_NAME = AppIcon;
				INFOPLIST_FILE = CoreDataTutorialFinal2/Info.plist;
				LD_RUNPATH_SEARCH_PATHS = "$(inherited) @executable_path/Frameworks";
				PRODUCT_BUNDLE_IDENTIFIER = BHS.CoreDataTutorialFinal2;
				PRODUCT_NAME = "$(TARGET_NAME)";
				SWIFT_VERSION = 3.0;
			};
			name = Release;
		};
		3F23D4691E35C8CA00A8FA78 /* Debug */ = {
			isa = XCBuildConfiguration;
			buildSettings = {
				ALWAYS_EMBED_SWIFT_STANDARD_LIBRARIES = YES;
				BUNDLE_LOADER = "$(TEST_HOST)";
				INFOPLIST_FILE = CoreDataTutorialFinal2Tests/Info.plist;
				LD_RUNPATH_SEARCH_PATHS = "$(inherited) @executable_path/Frameworks @loader_path/Frameworks";
				PRODUCT_BUNDLE_IDENTIFIER = BHS.CoreDataTutorialFinal2Tests;
				PRODUCT_NAME = "$(TARGET_NAME)";
				SWIFT_VERSION = 3.0;
				TEST_HOST = "$(BUILT_PRODUCTS_DIR)/CoreDataTutorialFinal2.app/CoreDataTutorialFinal2";
			};
			name = Debug;
		};
		3F23D46A1E35C8CA00A8FA78 /* Release */ = {
			isa = XCBuildConfiguration;
			buildSettings = {
				ALWAYS_EMBED_SWIFT_STANDARD_LIBRARIES = YES;
				BUNDLE_LOADER = "$(TEST_HOST)";
				INFOPLIST_FILE = CoreDataTutorialFinal2Tests/Info.plist;
				LD_RUNPATH_SEARCH_PATHS = "$(inherited) @executable_path/Frameworks @loader_path/Frameworks";
				PRODUCT_BUNDLE_IDENTIFIER = BHS.CoreDataTutorialFinal2Tests;
				PRODUCT_NAME = "$(TARGET_NAME)";
				SWIFT_VERSION = 3.0;
				TEST_HOST = "$(BUILT_PRODUCTS_DIR)/CoreDataTutorialFinal2.app/CoreDataTutorialFinal2";
			};
			name = Release;
		};
		3F23D46C1E35C8CA00A8FA78 /* Debug */ = {
			isa = XCBuildConfiguration;
			buildSettings = {
				ALWAYS_EMBED_SWIFT_STANDARD_LIBRARIES = YES;
				INFOPLIST_FILE = CoreDataTutorialFinal2UITests/Info.plist;
				LD_RUNPATH_SEARCH_PATHS = "$(inherited) @executable_path/Frameworks @loader_path/Frameworks";
				PRODUCT_BUNDLE_IDENTIFIER = BHS.CoreDataTutorialFinal2UITests;
				PRODUCT_NAME = "$(TARGET_NAME)";
				SWIFT_VERSION = 3.0;
				TEST_TARGET_NAME = CoreDataTutorialFinal2;
			};
			name = Debug;
		};
		3F23D46D1E35C8CA00A8FA78 /* Release */ = {
			isa = XCBuildConfiguration;
			buildSettings = {
				ALWAYS_EMBED_SWIFT_STANDARD_LIBRARIES = YES;
				INFOPLIST_FILE = CoreDataTutorialFinal2UITests/Info.plist;
				LD_RUNPATH_SEARCH_PATHS = "$(inherited) @executable_path/Frameworks @loader_path/Frameworks";
				PRODUCT_BUNDLE_IDENTIFIER = BHS.CoreDataTutorialFinal2UITests;
				PRODUCT_NAME = "$(TARGET_NAME)";
				SWIFT_VERSION = 3.0;
				TEST_TARGET_NAME = CoreDataTutorialFinal2;
			};
			name = Release;
		};
/* End XCBuildConfiguration section */

/* Begin XCConfigurationList section */
		3F23D4351E35C8CA00A8FA78 /* Build configuration list for PBXProject "CoreDataTutorialFinal2" */ = {
			isa = XCConfigurationList;
			buildConfigurations = (
				3F23D4631E35C8CA00A8FA78 /* Debug */,
				3F23D4641E35C8CA00A8FA78 /* Release */,
			);
			defaultConfigurationIsVisible = 0;
			defaultConfigurationName = Release;
		};
		3F23D4651E35C8CA00A8FA78 /* Build configuration list for PBXNativeTarget "CoreDataTutorialFinal2" */ = {
			isa = XCConfigurationList;
			buildConfigurations = (
				3F23D4661E35C8CA00A8FA78 /* Debug */,
				3F23D4671E35C8CA00A8FA78 /* Release */,
			);
			defaultConfigurationIsVisible = 0;
		};
		3F23D4681E35C8CA00A8FA78 /* Build configuration list for PBXNativeTarget "CoreDataTutorialFinal2Tests" */ = {
			isa = XCConfigurationList;
			buildConfigurations = (
				3F23D4691E35C8CA00A8FA78 /* Debug */,
				3F23D46A1E35C8CA00A8FA78 /* Release */,
			);
			defaultConfigurationIsVisible = 0;
		};
		3F23D46B1E35C8CA00A8FA78 /* Build configuration list for PBXNativeTarget "CoreDataTutorialFinal2UITests" */ = {
			isa = XCConfigurationList;
			buildConfigurations = (
				3F23D46C1E35C8CA00A8FA78 /* Debug */,
				3F23D46D1E35C8CA00A8FA78 /* Release */,
			);
			defaultConfigurationIsVisible = 0;
		};
/* End XCConfigurationList section */

/* Begin XCVersionGroup section */
		3F23D4441E35C8CA00A8FA78 /* CoreDataTutorialFinal2.xcdatamodeld */ = {
			isa = XCVersionGroup;
			children = (
				3F23D4451E35C8CA00A8FA78 /* CoreDataTutorialFinal2.xcdatamodel */,
			);
			currentVersion = 3F23D4451E35C8CA00A8FA78 /* CoreDataTutorialFinal2.xcdatamodel */;
			path = CoreDataTutorialFinal2.xcdatamodeld;
			sourceTree = "<group>";
			versionGroupType = wrapper.xcdatamodel;
		};
/* End XCVersionGroup section */
	};
	rootObject = 3F23D4321E35C8CA00A8FA78 /* Project object */;
}
